
Microsoft Visual Studio Solution File, Format Version 12.00
# Visual Studio 14
VisualStudioVersion = 14.0.25420.1
MinimumVisualStudioVersion = 10.0.40219.1
Project("{FAE04EC0-301F-11D3-BF4B-00C04F79EFBC}") = "WinIoTCoreTIIoTHubApp", "WinIoTCoreTIIoTHubApp\WinIoTCoreTIIoTHubApp.csproj", "{CF3BF4FA-DBAB-4B1E-B288-D7A1CA019DCF}"
EndProject
Project("{FAE04EC0-301F-11D3-BF4B-00C04F79EFBC}") = "TISensorTagLibrary", "TISensorTagLibrary\TISensorTagLibrary.csproj", "{0A353F43-EC1B-463E-9772-9A0BF03B3369}"
EndProject
Global
	GlobalSection(SolutionConfigurationPlatforms) = preSolution
		Debug|Any CPU = Debug|Any CPU
		Debug|ARM = Debug|ARM
		Debug|x64 = Debug|x64
		Debug|x86 = Debug|x86
		Release|Any CPU = Release|Any CPU
		Release|ARM = Release|ARM
		Release|x64 = Release|x64
		Release|x86 = Release|x86
	EndGlobalSection
	GlobalSection(ProjectConfigurationPlatforms) = postSolution
		{CF3BF4FA-DBAB-4B1E-B288-D7A1CA019DCF}.Debug|Any CPU.ActiveCfg = Debug|x86
		{CF3BF4FA-DBAB-4B1E-B288-D7A1CA019DCF}.Debug|ARM.ActiveCfg = Debug|ARM
		{CF3BF4FA-DBAB-4B1E-B288-D7A1CA019DCF}.Debug|ARM.Build.0 = Debug|ARM
		{CF3BF4FA-DBAB-4B1E-B288-D7A1CA019DCF}.Debug|ARM.Deploy.0 = Debug|ARM
		{CF3BF4FA-DBAB-4B1E-B288-D7A1CA019DCF}.Debug|x64.ActiveCfg = Debug|x64
		{CF3BF4FA-DBAB-4B1E-B288-D7A1CA019DCF}.Debug|x64.Build.0 = Debug|x64
		{CF3BF4FA-DBAB-4B1E-B288-D7A1CA019DCF}.Debug|x64.Deploy.0 = Debug|x64
		{CF3BF4FA-DBAB-4B1E-B288-D7A1CA019DCF}.Debug|x86.ActiveCfg = Debug|x86
		{CF3BF4FA-DBAB-4B1E-B288-D7A1CA019DCF}.Debug|x86.Build.0 = Debug|x86
		{CF3BF4FA-DBAB-4B1E-B288-D7A1CA019DCF}.Debug|x86.Deploy.0 = Debug|x86
		{CF3BF4FA-DBAB-4B1E-B288-D7A1CA019DCF}.Release|Any CPU.ActiveCfg = Release|x86
		{CF3BF4FA-DBAB-4B1E-B288-D7A1CA019DCF}.Release|ARM.ActiveCfg = Release|ARM
		{CF3BF4FA-DBAB-4B1E-B288-D7A1CA019DCF}.Release|ARM.Build.0 = Release|ARM
		{CF3BF4FA-DBAB-4B1E-B288-D7A1CA019DCF}.Release|ARM.Deploy.0 = Release|ARM
		{CF3BF4FA-DBAB-4B1E-B288-D7A1CA019DCF}.Release|x64.ActiveCfg = Release|x64
		{CF3BF4FA-DBAB-4B1E-B288-D7A1CA019DCF}.Release|x64.Build.0 = Release|x64
		{CF3BF4FA-DBAB-4B1E-B288-D7A1CA019DCF}.Release|x64.Deploy.0 = Release|x64
		{CF3BF4FA-DBAB-4B1E-B288-D7A1CA019DCF}.Release|x86.ActiveCfg = Release|x86
		{CF3BF4FA-DBAB-4B1E-B288-D7A1CA019DCF}.Release|x86.Build.0 = Release|x86
		{CF3BF4FA-DBAB-4B1E-B288-D7A1CA019DCF}.Release|x86.Deploy.0 = Release|x86
		{0A353F43-EC1B-463E-9772-9A0BF03B3369}.Debug|Any CPU.ActiveCfg = Debug|Any CPU
		{0A353F43-EC1B-463E-9772-9A0BF03B3369}.Debug|Any CPU.Build.0 = Debug|Any CPU
		{0A353F43-EC1B-463E-9772-9A0BF03B3369}.Debug|ARM.ActiveCfg = Debug|ARM
		{0A353F43-EC1B-463E-9772-9A0BF03B3369}.Debug|ARM.Build.0 = Debug|ARM
		{0A353F43-EC1B-463E-9772-9A0BF03B3369}.Debug|x64.ActiveCfg = Debug|x64
		{0A353F43-EC1B-463E-9772-9A0BF03B3369}.Debug|x64.Build.0 = Debug|x64
		{0A353F43-EC1B-463E-9772-9A0BF03B3369}.Debug|x86.ActiveCfg = Debug|x86
		{0A353F43-EC1B-463E-9772-9A0BF03B3369}.Debug|x86.Build.0 = Debug|x86
		{0A353F43-EC1B-463E-9772-9A0BF03B3369}.Release|Any CPU.ActiveCfg = Release|Any CPU
		{0A353F43-EC1B-463E-9772-9A0BF03B3369}.Release|Any CPU.Build.0 = Release|Any CPU
		{0A353F43-EC1B-463E-9772-9A0BF03B3369}.Release|ARM.ActiveCfg = Release|ARM
		{0A353F43-EC1B-463E-9772-9A0BF03B3369}.Release|ARM.Build.0 = Release|ARM
		{0A353F43-EC1B-463E-9772-9A0BF03B3369}.Release|x64.ActiveCfg = Release|x64
		{0A353F43-EC1B-463E-9772-9A0BF03B3369}.Release|x64.Build.0 = Release|x64
		{0A353F43-EC1B-463E-9772-9A0BF03B3369}.Release|x86.ActiveCfg = Release|x86
		{0A353F43-EC1B-463E-9772-9A0BF03B3369}.Release|x86.Build.0 = Release|x86
	EndGlobalSection
	GlobalSection(SolutionProperties) = preSolution
		HideSolutionNode = FALSE
	EndGlobalSection
EndGlobal
