
Microsoft Visual Studio Solution File, Format Version 12.00
# Visual Studio 14
VisualStudioVersion = 14.0.24720.0
MinimumVisualStudioVersion = 10.0.40219.1
Project("{FAE04EC0-301F-11D3-BF4B-00C04F79EFBC}") = "RPiIoTHubApp", "RPiIoTHubApp\RPiIoTHubApp.csproj", "{E32565FD-95A9-4560-9A64-74914D73C248}"
EndProject
Global
	GlobalSection(SolutionConfigurationPlatforms) = preSolution
		Debug|ARM = Debug|ARM
		Debug|x64 = Debug|x64
		Debug|x86 = Debug|x86
		Release|ARM = Release|ARM
		Release|x64 = Release|x64
		Release|x86 = Release|x86
	EndGlobalSection
	GlobalSection(ProjectConfigurationPlatforms) = postSolution
		{E32565FD-95A9-4560-9A64-74914D73C248}.Debug|ARM.ActiveCfg = Debug|ARM
		{E32565FD-95A9-4560-9A64-74914D73C248}.Debug|ARM.Build.0 = Debug|ARM
		{E32565FD-95A9-4560-9A64-74914D73C248}.Debug|ARM.Deploy.0 = Debug|ARM
		{E32565FD-95A9-4560-9A64-74914D73C248}.Debug|x64.ActiveCfg = Debug|x64
		{E32565FD-95A9-4560-9A64-74914D73C248}.Debug|x64.Build.0 = Debug|x64
		{E32565FD-95A9-4560-9A64-74914D73C248}.Debug|x64.Deploy.0 = Debug|x64
		{E32565FD-95A9-4560-9A64-74914D73C248}.Debug|x86.ActiveCfg = Debug|x86
		{E32565FD-95A9-4560-9A64-74914D73C248}.Debug|x86.Build.0 = Debug|x86
		{E32565FD-95A9-4560-9A64-74914D73C248}.Debug|x86.Deploy.0 = Debug|x86
		{E32565FD-95A9-4560-9A64-74914D73C248}.Release|ARM.ActiveCfg = Release|ARM
		{E32565FD-95A9-4560-9A64-74914D73C248}.Release|ARM.Build.0 = Release|ARM
		{E32565FD-95A9-4560-9A64-74914D73C248}.Release|ARM.Deploy.0 = Release|ARM
		{E32565FD-95A9-4560-9A64-74914D73C248}.Release|x64.ActiveCfg = Release|x64
		{E32565FD-95A9-4560-9A64-74914D73C248}.Release|x64.Build.0 = Release|x64
		{E32565FD-95A9-4560-9A64-74914D73C248}.Release|x64.Deploy.0 = Release|x64
		{E32565FD-95A9-4560-9A64-74914D73C248}.Release|x86.ActiveCfg = Release|x86
		{E32565FD-95A9-4560-9A64-74914D73C248}.Release|x86.Build.0 = Release|x86
		{E32565FD-95A9-4560-9A64-74914D73C248}.Release|x86.Deploy.0 = Release|x86
	EndGlobalSection
	GlobalSection(SolutionProperties) = preSolution
		HideSolutionNode = FALSE
	EndGlobalSection
EndGlobal
